{
  "requires": true,
  "lockfileVersion": 1,
  "dependencies": {
    "shell.js": {
      "version": "3.2.2",
      "resolved": "https://registry.npmjs.org/shell.js/-/shell.js-3.2.2.tgz",
      "integrity": "sha512-LSVZ094vYGM+EkUUpFtn0yXDASR8cQIefaSUhw9r9T/nGmK73d/frM/xW8pC+vOJw+/CCARoFKe+GmcApl593Q=="
    }
  }
}
